
Microsoft Visual Studio Solution File, Format Version 12.00
# Visual Studio Version 17
VisualStudioVersion = 17.12.35527.113 d17.12
MinimumVisualStudioVersion = 10.0.40219.1
Project("{FAE04EC0-301F-11D3-BF4B-00C04F79EFBC}") = "webshop", "webshop\webshop.csproj", "{38629A79-D744-4159-A697-7A5E6F9D916A}"
EndProject
Global
	GlobalSection(SolutionConfigurationPlatforms) = preSolution
		Debug|Any CPU = Debug|Any CPU
		Release|Any CPU = Release|Any CPU
	EndGlobalSection
	GlobalSection(ProjectConfigurationPlatforms) = postSolution
		{38629A79-D744-4159-A697-7A5E6F9D916A}.Debug|Any CPU.ActiveCfg = Debug|Any CPU
		{38629A79-D744-4159-A697-7A5E6F9D916A}.Debug|Any CPU.Build.0 = Debug|Any CPU
		{38629A79-D744-4159-A697-7A5E6F9D916A}.Release|Any CPU.ActiveCfg = Release|Any CPU
		{38629A79-D744-4159-A697-7A5E6F9D916A}.Release|Any CPU.Build.0 = Release|Any CPU
	EndGlobalSection
	GlobalSection(SolutionProperties) = preSolution
		HideSolutionNode = FALSE
	EndGlobalSection
EndGlobal
